
Microsoft Visual Studio Solution File, Format Version 12.00
# Visual Studio Version 16
VisualStudioVersion = 16.0.30225.117
MinimumVisualStudioVersion = 10.0.40219.1
Project("{FAE04EC0-301F-11D3-BF4B-00C04F79EFBC}") = "tested", "tested.csproj", "{39D00F85-C1DF-4320-AC91-14535161C4C3}"
EndProject
Global
	GlobalSection(SolutionConfigurationPlatforms) = preSolution
		Debug|Any CPU = Debug|Any CPU
		Release|Any CPU = Release|Any CPU
	EndGlobalSection
	GlobalSection(ProjectConfigurationPlatforms) = postSolution
		{39D00F85-C1DF-4320-AC91-14535161C4C3}.Debug|Any CPU.ActiveCfg = Debug|Any CPU
		{39D00F85-C1DF-4320-AC91-14535161C4C3}.Debug|Any CPU.Build.0 = Debug|Any CPU
		{39D00F85-C1DF-4320-AC91-14535161C4C3}.Release|Any CPU.ActiveCfg = Release|Any CPU
		{39D00F85-C1DF-4320-AC91-14535161C4C3}.Release|Any CPU.Build.0 = Release|Any CPU
	EndGlobalSection
	GlobalSection(SolutionProperties) = preSolution
		HideSolutionNode = FALSE
	EndGlobalSection
	GlobalSection(ExtensibilityGlobals) = postSolution
		SolutionGuid = {474B31F7-CB0B-41AE-B6D3-FE41E09F42A6}
	EndGlobalSection
EndGlobal
